
Microsoft Visual Studio Solution File, Format Version 12.00
# Visual Studio Version 16
VisualStudioVersion = 16.0.32106.194
MinimumVisualStudioVersion = 10.0.40219.1
Project("{FAE04EC0-301F-11D3-BF4B-00C04F79EFBC}") = "ProjetoCalculadora", "ProjetoCalculadora\ProjetoCalculadora.csproj", "{C5BBAEA3-F572-4BC0-BAED-4BFA79D31ADE}"
EndProject
Global
	GlobalSection(SolutionConfigurationPlatforms) = preSolution
		Debug|Any CPU = Debug|Any CPU
		Release|Any CPU = Release|Any CPU
	EndGlobalSection
	GlobalSection(ProjectConfigurationPlatforms) = postSolution
		{C5BBAEA3-F572-4BC0-BAED-4BFA79D31ADE}.Debug|Any CPU.ActiveCfg = Debug|Any CPU
		{C5BBAEA3-F572-4BC0-BAED-4BFA79D31ADE}.Debug|Any CPU.Build.0 = Debug|Any CPU
		{C5BBAEA3-F572-4BC0-BAED-4BFA79D31ADE}.Release|Any CPU.ActiveCfg = Release|Any CPU
		{C5BBAEA3-F572-4BC0-BAED-4BFA79D31ADE}.Release|Any CPU.Build.0 = Release|Any CPU
	EndGlobalSection
	GlobalSection(SolutionProperties) = preSolution
		HideSolutionNode = FALSE
	EndGlobalSection
	GlobalSection(ExtensibilityGlobals) = postSolution
		SolutionGuid = {6DF9806E-97BB-4A48-9BF5-CBDE193CF595}
	EndGlobalSection
EndGlobal
